
Microsoft Visual Studio Solution File, Format Version 12.00
# Visual Studio 15
VisualStudioVersion = 15.0.28010.2036
MinimumVisualStudioVersion = 10.0.40219.1
Project("{FAE04EC0-301F-11D3-BF4B-00C04F79EFBC}") = "RelentlessNight302", "RelentlessNight302.csproj", "{E8E9CD58-FA51-4AA6-841D-86DBE0295AFA}"
EndProject
Global
	GlobalSection(SolutionConfigurationPlatforms) = preSolution
		Debug|Any CPU = Debug|Any CPU
		Release|Any CPU = Release|Any CPU
	EndGlobalSection
	GlobalSection(ProjectConfigurationPlatforms) = postSolution
		{E8E9CD58-FA51-4AA6-841D-86DBE0295AFA}.Debug|Any CPU.ActiveCfg = Debug|Any CPU
		{E8E9CD58-FA51-4AA6-841D-86DBE0295AFA}.Debug|Any CPU.Build.0 = Debug|Any CPU
		{E8E9CD58-FA51-4AA6-841D-86DBE0295AFA}.Release|Any CPU.ActiveCfg = Release|Any CPU
		{E8E9CD58-FA51-4AA6-841D-86DBE0295AFA}.Release|Any CPU.Build.0 = Release|Any CPU
	EndGlobalSection
	GlobalSection(SolutionProperties) = preSolution
		HideSolutionNode = FALSE
	EndGlobalSection
	GlobalSection(ExtensibilityGlobals) = postSolution
		SolutionGuid = {2C95FFBF-5B61-491A-BB99-5E82F92CEF8C}
	EndGlobalSection
EndGlobal
