
Microsoft Visual Studio Solution File, Format Version 12.00
# Visual Studio Version 16
VisualStudioVersion = 16.0.30225.117
MinimumVisualStudioVersion = 10.0.40219.1
Project("{FAE04EC0-301F-11D3-BF4B-00C04F79EFBC}") = "RelentlessNight310", "RelentlessNight310.csproj", "{E8E9CD58-FA51-4AA6-841D-86DBE0295AFA}"
EndProject
Global
	GlobalSection(SolutionConfigurationPlatforms) = preSolution
		Debug|Any CPU = Debug|Any CPU
		Release|Any CPU = Release|Any CPU
	EndGlobalSection
	GlobalSection(ProjectConfigurationPlatforms) = postSolution
		{E8E9CD58-FA51-4AA6-841D-86DBE0295AFA}.Debug|Any CPU.ActiveCfg = Debug|Any CPU
		{E8E9CD58-FA51-4AA6-841D-86DBE0295AFA}.Debug|Any CPU.Build.0 = Debug|Any CPU
		{E8E9CD58-FA51-4AA6-841D-86DBE0295AFA}.Release|Any CPU.ActiveCfg = Release|Any CPU
		{E8E9CD58-FA51-4AA6-841D-86DBE0295AFA}.Release|Any CPU.Build.0 = Release|Any CPU
	EndGlobalSection
	GlobalSection(SolutionProperties) = preSolution
		HideSolutionNode = FALSE
	EndGlobalSection
	GlobalSection(ExtensibilityGlobals) = postSolution
		SolutionGuid = {8D652331-EECA-4BE8-9268-B99ACE5AD2DF}
	EndGlobalSection
EndGlobal
